{
  "version": 4,
  "terraform_version": "1.8.2",
  "serial": 17,
  "lineage": "4c944818-b55b-82ba-af84-c3d18877f87c",
  "outputs": {
    "arn": {
      "value": [
        "arn:aws:ec2:us-east-1:370712687956:instance/i-09ea0777febb06643"
      ],
      "type": [
        "tuple",
        [
          "string"
        ]
      ]
    },
    "hello-world": {
      "value": "Hello World",
      "type": "string"
    },
    "public_ip": {
      "value": [
        "184.72.194.113"
      ],
      "type": [
        "tuple",
        [
          "string"
        ]
      ]
    },
    "vpc_id": {
      "value": "vpc-0c567f495fa6ef581",
      "type": "string"
    },
    "vpc_information": {
      "value": "Your demo_environment VPC has an ID of vpc-0c567f495fa6ef581",
      "type": "string"
    }
  },
  "resources": [
    {
      "mode": "data",
      "type": "aws_ami",
      "name": "ubuntu_22_04",
      "provider": "provider[\"registry.terraform.io/hashicorp/aws\"]",
      "instances": [
        {
          "schema_version": 0,
          "attributes": {
            "architecture": "x86_64",
            "arn": "arn:aws:ec2:us-east-1::image/ami-0cfa2ad4242c3168d",
            "block_device_mappings": [
              {
                "device_name": "/dev/sda1",
                "ebs": {
                  "delete_on_termination": "true",
                  "encrypted": "false",
                  "iops": "0",
                  "snapshot_id": "snap-0559e22f4dac42b32",
                  "throughput": "0",
                  "volume_size": "8",
                  "volume_type": "gp2"
                },
                "no_device": "",
                "virtual_name": ""
              },
              {
                "device_name": "/dev/sdb",
                "ebs": {},
                "no_device": "",
                "virtual_name": "ephemeral0"
              },
              {
                "device_name": "/dev/sdc",
                "ebs": {},
                "no_device": "",
                "virtual_name": "ephemeral1"
              }
            ],
            "boot_mode": "uefi-preferred",
            "creation_date": "2024-05-01T02:43:50.000Z",
            "deprecation_time": "2026-05-01T02:43:50.000Z",
            "description": "Canonical, Ubuntu, 22.04 LTS, amd64 jammy image build on 2024-05-01",
            "ena_support": true,
            "executable_users": null,
            "filter": [
              {
                "name": "name",
                "values": [
                  "ubuntu/images/hvm-ssd/ubuntu-jammy-22.04-amd64-server-*"
                ]
              }
            ],
            "hypervisor": "xen",
            "id": "ami-0cfa2ad4242c3168d",
            "image_id": "ami-0cfa2ad4242c3168d",
            "image_location": "amazon/ubuntu/images/hvm-ssd/ubuntu-jammy-22.04-amd64-server-20240501",
            "image_owner_alias": "amazon",
            "image_type": "machine",
            "imds_support": "",
            "include_deprecated": false,
            "kernel_id": "",
            "most_recent": true,
            "name": "ubuntu/images/hvm-ssd/ubuntu-jammy-22.04-amd64-server-20240501",
            "name_regex": null,
            "owner_id": "099720109477",
            "owners": [
              "099720109477"
            ],
            "platform": "",
            "platform_details": "Linux/UNIX",
            "product_codes": [],
            "public": true,
            "ramdisk_id": "",
            "root_device_name": "/dev/sda1",
            "root_device_type": "ebs",
            "root_snapshot_id": "snap-0559e22f4dac42b32",
            "sriov_net_support": "simple",
            "state": "available",
            "state_reason": {
              "code": "UNSET",
              "message": "UNSET"
            },
            "tags": {},
            "timeouts": null,
            "tpm_support": "",
            "usage_operation": "RunInstances",
            "virtualization_type": "hvm"
          },
          "sensitive_attributes": []
        }
      ]
    },
    {
      "mode": "data",
      "type": "aws_availability_zones",
      "name": "available",
      "provider": "provider[\"registry.terraform.io/hashicorp/aws\"]",
      "instances": [
        {
          "schema_version": 0,
          "attributes": {
            "all_availability_zones": null,
            "exclude_names": null,
            "exclude_zone_ids": null,
            "filter": null,
            "group_names": [
              "us-east-1"
            ],
            "id": "us-east-1",
            "names": [
              "us-east-1a",
              "us-east-1b",
              "us-east-1c",
              "us-east-1d",
              "us-east-1e",
              "us-east-1f"
            ],
            "state": null,
            "timeouts": null,
            "zone_ids": [
              "use1-az1",
              "use1-az2",
              "use1-az4",
              "use1-az6",
              "use1-az3",
              "use1-az5"
            ]
          },
          "sensitive_attributes": []
        }
      ]
    },
    {
      "mode": "data",
      "type": "aws_region",
      "name": "current",
      "provider": "provider[\"registry.terraform.io/hashicorp/aws\"]",
      "instances": [
        {
          "schema_version": 0,
          "attributes": {
            "description": "US East (N. Virginia)",
            "endpoint": "ec2.us-east-1.amazonaws.com",
            "id": "us-east-1",
            "name": "us-east-1"
          },
          "sensitive_attributes": []
        }
      ]
    },
    {
      "mode": "managed",
      "type": "aws_eip",
      "name": "nat_gateway_eip",
      "provider": "provider[\"registry.terraform.io/hashicorp/aws\"]",
      "instances": [
        {
          "schema_version": 0,
          "attributes": {
            "address": null,
            "allocation_id": "eipalloc-0d59a3cfd8eb4a165",
            "arn": "arn:aws:ec2:us-east-1:370712687956:elastic-ip/eipalloc-0d59a3cfd8eb4a165",
            "associate_with_private_ip": null,
            "association_id": "",
            "carrier_ip": "",
            "customer_owned_ip": "",
            "customer_owned_ipv4_pool": "",
            "domain": "vpc",
            "id": "eipalloc-0d59a3cfd8eb4a165",
            "instance": "",
            "network_border_group": "us-east-1",
            "network_interface": "",
            "private_dns": null,
            "private_ip": "",
            "ptr_record": "",
            "public_dns": "ec2-3-233-45-137.compute-1.amazonaws.com",
            "public_ip": "3.233.45.137",
            "public_ipv4_pool": "amazon",
            "tags": {
              "Name": "demo_igw_eip"
            },
            "tags_all": {
              "Name": "demo_igw_eip"
            },
            "timeouts": null,
            "vpc": true
          },
          "sensitive_attributes": [],
          "private": "eyJlMmJmYjczMC1lY2FhLTExZTYtOGY4OC0zNDM2M2JjN2M0YzAiOnsiZGVsZXRlIjoxODAwMDAwMDAwMDAsInJlYWQiOjkwMDAwMDAwMDAwMCwidXBkYXRlIjozMDAwMDAwMDAwMDB9fQ==",
          "dependencies": [
            "aws_internet_gateway.internet_gateway",
            "aws_vpc.vpc",
            "data.aws_region.current"
          ]
        }
      ]
    },
    {
      "mode": "managed",
      "type": "aws_instance",
      "name": "my_instances",
      "provider": "provider[\"registry.terraform.io/hashicorp/aws\"]",
      "instances": [
        {
          "index_key": 0,
          "schema_version": 1,
          "attributes": {
            "ami": "ami-0cfa2ad4242c3168d",
            "arn": "arn:aws:ec2:us-east-1:370712687956:instance/i-09ea0777febb06643",
            "associate_public_ip_address": true,
            "availability_zone": "us-east-1b",
            "capacity_reservation_specification": [
              {
                "capacity_reservation_preference": "open",
                "capacity_reservation_target": []
              }
            ],
            "cpu_core_count": 1,
            "cpu_options": [
              {
                "amd_sev_snp": "",
                "core_count": 1,
                "threads_per_core": 1
              }
            ],
            "cpu_threads_per_core": 1,
            "credit_specification": [
              {
                "cpu_credits": "standard"
              }
            ],
            "disable_api_stop": false,
            "disable_api_termination": false,
            "ebs_block_device": [],
            "ebs_optimized": false,
            "enclave_options": [
              {
                "enabled": false
              }
            ],
            "ephemeral_block_device": [],
            "get_password_data": false,
            "hibernation": false,
            "host_id": "",
            "host_resource_group_arn": null,
            "iam_instance_profile": "",
            "id": "i-09ea0777febb06643",
            "instance_initiated_shutdown_behavior": "stop",
            "instance_lifecycle": "",
            "instance_market_options": [],
            "instance_state": "running",
            "instance_type": "t2.micro",
            "ipv6_address_count": 0,
            "ipv6_addresses": [],
            "key_name": "MyAWSKey",
            "launch_template": [],
            "maintenance_options": [
              {
                "auto_recovery": "default"
              }
            ],
            "metadata_options": [
              {
                "http_endpoint": "enabled",
                "http_protocol_ipv6": "disabled",
                "http_put_response_hop_limit": 1,
                "http_tokens": "optional",
                "instance_metadata_tags": "disabled"
              }
            ],
            "monitoring": false,
            "network_interface": [],
            "outpost_arn": "",
            "password_data": "",
            "placement_group": "",
            "placement_partition_number": 0,
            "primary_network_interface_id": "eni-0495b83dc0e32a299",
            "private_dns": "ip-10-0-101-68.ec2.internal",
            "private_dns_name_options": [
              {
                "enable_resource_name_dns_a_record": false,
                "enable_resource_name_dns_aaaa_record": false,
                "hostname_type": "ip-name"
              }
            ],
            "private_ip": "10.0.101.68",
            "public_dns": "",
            "public_ip": "184.72.194.113",
            "root_block_device": [
              {
                "delete_on_termination": true,
                "device_name": "/dev/sda1",
                "encrypted": false,
                "iops": 100,
                "kms_key_id": "",
                "tags": {},
                "tags_all": {},
                "throughput": 0,
                "volume_id": "vol-02bdde9a095261bf1",
                "volume_size": 8,
                "volume_type": "gp2"
              }
            ],
            "secondary_private_ips": [],
            "security_groups": [
              "sg-0a067431c5125f85c",
              "sg-0d3a37aa1f66ab589",
              "sg-0f8274bfe6e046e51"
            ],
            "source_dest_check": true,
            "spot_instance_request_id": "",
            "subnet_id": "subnet-06817113f5991e023",
            "tags": {
              "Name": "myvm-1"
            },
            "tags_all": {
              "Name": "myvm-1"
            },
            "tenancy": "default",
            "timeouts": null,
            "user_data": null,
            "user_data_base64": null,
            "user_data_replace_on_change": false,
            "volume_tags": null,
            "vpc_security_group_ids": [
              "sg-0a067431c5125f85c",
              "sg-0d3a37aa1f66ab589",
              "sg-0f8274bfe6e046e51"
            ]
          },
          "sensitive_attributes": [],
          "private": "eyJlMmJmYjczMC1lY2FhLTExZTYtOGY4OC0zNDM2M2JjN2M0YzAiOnsiY3JlYXRlIjo2MDAwMDAwMDAwMDAsImRlbGV0ZSI6MTIwMDAwMDAwMDAwMCwicmVhZCI6OTAwMDAwMDAwMDAwLCJ1cGRhdGUiOjYwMDAwMDAwMDAwMH0sInNjaGVtYV92ZXJzaW9uIjoiMSJ9",
          "dependencies": [
            "aws_key_pair.generated",
            "aws_security_group.ingress-ssh",
            "aws_security_group.vpc-ping",
            "aws_security_group.vpc-web",
            "aws_subnet.public_subnets",
            "aws_vpc.vpc",
            "data.aws_ami.ubuntu_22_04",
            "data.aws_availability_zones.available",
            "data.aws_region.current",
            "tls_private_key.generated"
          ]
        }
      ]
    },
    {
      "mode": "managed",
      "type": "aws_internet_gateway",
      "name": "internet_gateway",
      "provider": "provider[\"registry.terraform.io/hashicorp/aws\"]",
      "instances": [
        {
          "schema_version": 0,
          "attributes": {
            "arn": "arn:aws:ec2:us-east-1:370712687956:internet-gateway/igw-063c4c91b692b5908",
            "id": "igw-063c4c91b692b5908",
            "owner_id": "370712687956",
            "tags": {
              "Name": "demo_igw"
            },
            "tags_all": {
              "Name": "demo_igw"
            },
            "timeouts": null,
            "vpc_id": "vpc-0c567f495fa6ef581"
          },
          "sensitive_attributes": [],
          "private": "eyJlMmJmYjczMC1lY2FhLTExZTYtOGY4OC0zNDM2M2JjN2M0YzAiOnsiY3JlYXRlIjoxMjAwMDAwMDAwMDAwLCJkZWxldGUiOjEyMDAwMDAwMDAwMDAsInVwZGF0ZSI6MTIwMDAwMDAwMDAwMH19",
          "dependencies": [
            "aws_vpc.vpc",
            "data.aws_region.current"
          ]
        }
      ]
    },
    {
      "mode": "managed",
      "type": "aws_key_pair",
      "name": "generated",
      "provider": "provider[\"registry.terraform.io/hashicorp/aws\"]",
      "instances": [
        {
          "schema_version": 1,
          "attributes": {
            "arn": "arn:aws:ec2:us-east-1:370712687956:key-pair/MyAWSKey",
            "fingerprint": "39:15:7d:12:ce:06:8f:1f:68:84:d1:f0:d3:44:88:e7",
            "id": "MyAWSKey",
            "key_name": "MyAWSKey",
            "key_name_prefix": "",
            "key_pair_id": "key-0bd138829c1d41f7d",
            "key_type": "rsa",
            "public_key": "ssh-rsa AAAAB3NzaC1yc2EAAAADAQABAAABAQClNX5AYUApgcR4tMg6nThdpcPw3SBADIxpekDKd0KAB3YeqkOwfNlirTmH+8AiH2dBVLZ1ZR2XRtFmVtNOu3tg+8yRKILOlYcCCSkOMDCZpZpcB9KZzg5l5HQgt+JtmN0mXKqoOuYaOGbXGqwX92ny+mmLelu6hreBK7A2+NAefMyO0dyWhBO1UCQLEW45bo784uF8MLqfJz6BrLJuSohouVtM6pqi2YzM8KpLUYSpI2xr7zJNsIvtUJ+McJI4M65bo9CP5zSWTn564QJ19O48g3Dx00VJ90zCNRpc+WMpne7eBpG6N7eWZ+htcxysoV9E9QUXfjj10lFpBd6VNJdL",
            "tags": null,
            "tags_all": {}
          },
          "sensitive_attributes": [],
          "private": "eyJzY2hlbWFfdmVyc2lvbiI6IjEifQ==",
          "dependencies": [
            "tls_private_key.generated"
          ]
        }
      ]
    },
    {
      "mode": "managed",
      "type": "aws_nat_gateway",
      "name": "nat_gateway",
      "provider": "provider[\"registry.terraform.io/hashicorp/aws\"]",
      "instances": [
        {
          "schema_version": 0,
          "attributes": {
            "allocation_id": "eipalloc-0d59a3cfd8eb4a165",
            "association_id": "eipassoc-03ccb5d4db06d51eb",
            "connectivity_type": "public",
            "id": "nat-0c8a62251ac2561eb",
            "network_interface_id": "eni-07803cf3e2ab70893",
            "private_ip": "10.0.101.55",
            "public_ip": "3.233.45.137",
            "secondary_allocation_ids": null,
            "secondary_private_ip_address_count": 0,
            "secondary_private_ip_addresses": [],
            "subnet_id": "subnet-06817113f5991e023",
            "tags": {
              "Name": "demo_nat_gateway"
            },
            "tags_all": {
              "Name": "demo_nat_gateway"
            },
            "timeouts": null
          },
          "sensitive_attributes": [],
          "private": "eyJlMmJmYjczMC1lY2FhLTExZTYtOGY4OC0zNDM2M2JjN2M0YzAiOnsiY3JlYXRlIjo2MDAwMDAwMDAwMDAsImRlbGV0ZSI6MTgwMDAwMDAwMDAwMCwidXBkYXRlIjo2MDAwMDAwMDAwMDB9fQ==",
          "dependencies": [
            "aws_eip.nat_gateway_eip",
            "aws_internet_gateway.internet_gateway",
            "aws_subnet.public_subnets",
            "aws_vpc.vpc",
            "data.aws_availability_zones.available",
            "data.aws_region.current"
          ]
        }
      ]
    },
    {
      "mode": "managed",
      "type": "aws_security_group",
      "name": "ingress-ssh",
      "provider": "provider[\"registry.terraform.io/hashicorp/aws\"]",
      "instances": [
        {
          "schema_version": 1,
          "attributes": {
            "arn": "arn:aws:ec2:us-east-1:370712687956:security-group/sg-0f8274bfe6e046e51",
            "description": "Managed by Terraform",
            "egress": [],
            "id": "sg-0f8274bfe6e046e51",
            "ingress": [
              {
                "cidr_blocks": [
                  "0.0.0.0/0"
                ],
                "description": "",
                "from_port": 22,
                "ipv6_cidr_blocks": [],
                "prefix_list_ids": [],
                "protocol": "tcp",
                "security_groups": [],
                "self": false,
                "to_port": 22
              }
            ],
            "name": "allow-all-ssh",
            "name_prefix": "",
            "owner_id": "370712687956",
            "revoke_rules_on_delete": false,
            "tags": null,
            "tags_all": {},
            "timeouts": null,
            "vpc_id": "vpc-0c567f495fa6ef581"
          },
          "sensitive_attributes": [],
          "private": "eyJlMmJmYjczMC1lY2FhLTExZTYtOGY4OC0zNDM2M2JjN2M0YzAiOnsiY3JlYXRlIjo2MDAwMDAwMDAwMDAsImRlbGV0ZSI6OTAwMDAwMDAwMDAwfSwic2NoZW1hX3ZlcnNpb24iOiIxIn0=",
          "dependencies": [
            "aws_vpc.vpc",
            "data.aws_region.current"
          ]
        }
      ]
    },
    {
      "mode": "managed",
      "type": "aws_security_group",
      "name": "vpc-ping",
      "provider": "provider[\"registry.terraform.io/hashicorp/aws\"]",
      "instances": [
        {
          "schema_version": 1,
          "attributes": {
            "arn": "arn:aws:ec2:us-east-1:370712687956:security-group/sg-0a067431c5125f85c",
            "description": "ICMP for Ping Access",
            "egress": [
              {
                "cidr_blocks": [
                  "0.0.0.0/0"
                ],
                "description": "Allow all ip and ports outboun",
                "from_port": 0,
                "ipv6_cidr_blocks": [],
                "prefix_list_ids": [],
                "protocol": "-1",
                "security_groups": [],
                "self": false,
                "to_port": 0
              }
            ],
            "id": "sg-0a067431c5125f85c",
            "ingress": [
              {
                "cidr_blocks": [
                  "0.0.0.0/0"
                ],
                "description": "Allow ICMP Traffic",
                "from_port": -1,
                "ipv6_cidr_blocks": [],
                "prefix_list_ids": [],
                "protocol": "icmp",
                "security_groups": [],
                "self": false,
                "to_port": -1
              }
            ],
            "name": "vpc-ping",
            "name_prefix": "",
            "owner_id": "370712687956",
            "revoke_rules_on_delete": false,
            "tags": null,
            "tags_all": {},
            "timeouts": null,
            "vpc_id": "vpc-0c567f495fa6ef581"
          },
          "sensitive_attributes": [],
          "private": "eyJlMmJmYjczMC1lY2FhLTExZTYtOGY4OC0zNDM2M2JjN2M0YzAiOnsiY3JlYXRlIjo2MDAwMDAwMDAwMDAsImRlbGV0ZSI6OTAwMDAwMDAwMDAwfSwic2NoZW1hX3ZlcnNpb24iOiIxIn0=",
          "dependencies": [
            "aws_vpc.vpc",
            "data.aws_region.current"
          ]
        }
      ]
    },
    {
      "mode": "managed",
      "type": "aws_security_group",
      "name": "vpc-web",
      "provider": "provider[\"registry.terraform.io/hashicorp/aws\"]",
      "instances": [
        {
          "schema_version": 1,
          "attributes": {
            "arn": "arn:aws:ec2:us-east-1:370712687956:security-group/sg-0d3a37aa1f66ab589",
            "description": "Web Traffic",
            "egress": [],
            "id": "sg-0d3a37aa1f66ab589",
            "ingress": [
              {
                "cidr_blocks": [
                  "0.0.0.0/0"
                ],
                "description": "Allow Port 80",
                "from_port": 80,
                "ipv6_cidr_blocks": [],
                "prefix_list_ids": [],
                "protocol": "tcp",
                "security_groups": [],
                "self": false,
                "to_port": 80
              }
            ],
            "name": "vpc-web-default",
            "name_prefix": "",
            "owner_id": "370712687956",
            "revoke_rules_on_delete": false,
            "tags": null,
            "tags_all": {},
            "timeouts": null,
            "vpc_id": "vpc-0c567f495fa6ef581"
          },
          "sensitive_attributes": [],
          "private": "eyJlMmJmYjczMC1lY2FhLTExZTYtOGY4OC0zNDM2M2JjN2M0YzAiOnsiY3JlYXRlIjo2MDAwMDAwMDAwMDAsImRlbGV0ZSI6OTAwMDAwMDAwMDAwfSwic2NoZW1hX3ZlcnNpb24iOiIxIn0=",
          "dependencies": [
            "aws_vpc.vpc",
            "data.aws_region.current"
          ]
        }
      ]
    },
    {
      "mode": "managed",
      "type": "aws_subnet",
      "name": "private_subnets",
      "provider": "provider[\"registry.terraform.io/hashicorp/aws\"]",
      "instances": [
        {
          "index_key": "private_subnet_1",
          "schema_version": 1,
          "attributes": {
            "arn": "arn:aws:ec2:us-east-1:370712687956:subnet/subnet-0633fac4fdbbce7ab",
            "assign_ipv6_address_on_creation": false,
            "availability_zone": "us-east-1b",
            "availability_zone_id": "use1-az2",
            "cidr_block": "10.0.1.0/24",
            "customer_owned_ipv4_pool": "",
            "enable_dns64": false,
            "enable_lni_at_device_index": 0,
            "enable_resource_name_dns_a_record_on_launch": false,
            "enable_resource_name_dns_aaaa_record_on_launch": false,
            "id": "subnet-0633fac4fdbbce7ab",
            "ipv6_cidr_block": "",
            "ipv6_cidr_block_association_id": "",
            "ipv6_native": false,
            "map_customer_owned_ip_on_launch": false,
            "map_public_ip_on_launch": false,
            "outpost_arn": "",
            "owner_id": "370712687956",
            "private_dns_hostname_type_on_launch": "ip-name",
            "tags": {
              "Name": "private_subnet_1",
              "Terraform": "true"
            },
            "tags_all": {
              "Name": "private_subnet_1",
              "Terraform": "true"
            },
            "timeouts": null,
            "vpc_id": "vpc-0c567f495fa6ef581"
          },
          "sensitive_attributes": [],
          "private": "eyJlMmJmYjczMC1lY2FhLTExZTYtOGY4OC0zNDM2M2JjN2M0YzAiOnsiY3JlYXRlIjo2MDAwMDAwMDAwMDAsImRlbGV0ZSI6MTIwMDAwMDAwMDAwMH0sInNjaGVtYV92ZXJzaW9uIjoiMSJ9",
          "dependencies": [
            "aws_vpc.vpc",
            "data.aws_availability_zones.available",
            "data.aws_region.current"
          ]
        },
        {
          "index_key": "private_subnet_2",
          "schema_version": 1,
          "attributes": {
            "arn": "arn:aws:ec2:us-east-1:370712687956:subnet/subnet-099bdadba32b427f5",
            "assign_ipv6_address_on_creation": false,
            "availability_zone": "us-east-1c",
            "availability_zone_id": "use1-az4",
            "cidr_block": "10.0.2.0/24",
            "customer_owned_ipv4_pool": "",
            "enable_dns64": false,
            "enable_lni_at_device_index": 0,
            "enable_resource_name_dns_a_record_on_launch": false,
            "enable_resource_name_dns_aaaa_record_on_launch": false,
            "id": "subnet-099bdadba32b427f5",
            "ipv6_cidr_block": "",
            "ipv6_cidr_block_association_id": "",
            "ipv6_native": false,
            "map_customer_owned_ip_on_launch": false,
            "map_public_ip_on_launch": false,
            "outpost_arn": "",
            "owner_id": "370712687956",
            "private_dns_hostname_type_on_launch": "ip-name",
            "tags": {
              "Name": "private_subnet_2",
              "Terraform": "true"
            },
            "tags_all": {
              "Name": "private_subnet_2",
              "Terraform": "true"
            },
            "timeouts": null,
            "vpc_id": "vpc-0c567f495fa6ef581"
          },
          "sensitive_attributes": [],
          "private": "eyJlMmJmYjczMC1lY2FhLTExZTYtOGY4OC0zNDM2M2JjN2M0YzAiOnsiY3JlYXRlIjo2MDAwMDAwMDAwMDAsImRlbGV0ZSI6MTIwMDAwMDAwMDAwMH0sInNjaGVtYV92ZXJzaW9uIjoiMSJ9",
          "dependencies": [
            "aws_vpc.vpc",
            "data.aws_availability_zones.available",
            "data.aws_region.current"
          ]
        },
        {
          "index_key": "private_subnet_3",
          "schema_version": 1,
          "attributes": {
            "arn": "arn:aws:ec2:us-east-1:370712687956:subnet/subnet-0c30a26f15ab4e5a4",
            "assign_ipv6_address_on_creation": false,
            "availability_zone": "us-east-1d",
            "availability_zone_id": "use1-az6",
            "cidr_block": "10.0.3.0/24",
            "customer_owned_ipv4_pool": "",
            "enable_dns64": false,
            "enable_lni_at_device_index": 0,
            "enable_resource_name_dns_a_record_on_launch": false,
            "enable_resource_name_dns_aaaa_record_on_launch": false,
            "id": "subnet-0c30a26f15ab4e5a4",
            "ipv6_cidr_block": "",
            "ipv6_cidr_block_association_id": "",
            "ipv6_native": false,
            "map_customer_owned_ip_on_launch": false,
            "map_public_ip_on_launch": false,
            "outpost_arn": "",
            "owner_id": "370712687956",
            "private_dns_hostname_type_on_launch": "ip-name",
            "tags": {
              "Name": "private_subnet_3",
              "Terraform": "true"
            },
            "tags_all": {
              "Name": "private_subnet_3",
              "Terraform": "true"
            },
            "timeouts": null,
            "vpc_id": "vpc-0c567f495fa6ef581"
          },
          "sensitive_attributes": [],
          "private": "eyJlMmJmYjczMC1lY2FhLTExZTYtOGY4OC0zNDM2M2JjN2M0YzAiOnsiY3JlYXRlIjo2MDAwMDAwMDAwMDAsImRlbGV0ZSI6MTIwMDAwMDAwMDAwMH0sInNjaGVtYV92ZXJzaW9uIjoiMSJ9",
          "dependencies": [
            "aws_vpc.vpc",
            "data.aws_availability_zones.available",
            "data.aws_region.current"
          ]
        }
      ]
    },
    {
      "mode": "managed",
      "type": "aws_subnet",
      "name": "public_subnets",
      "provider": "provider[\"registry.terraform.io/hashicorp/aws\"]",
      "instances": [
        {
          "index_key": "public_subnet_1",
          "schema_version": 1,
          "attributes": {
            "arn": "arn:aws:ec2:us-east-1:370712687956:subnet/subnet-06817113f5991e023",
            "assign_ipv6_address_on_creation": false,
            "availability_zone": "us-east-1b",
            "availability_zone_id": "use1-az2",
            "cidr_block": "10.0.101.0/24",
            "customer_owned_ipv4_pool": "",
            "enable_dns64": false,
            "enable_lni_at_device_index": 0,
            "enable_resource_name_dns_a_record_on_launch": false,
            "enable_resource_name_dns_aaaa_record_on_launch": false,
            "id": "subnet-06817113f5991e023",
            "ipv6_cidr_block": "",
            "ipv6_cidr_block_association_id": "",
            "ipv6_native": false,
            "map_customer_owned_ip_on_launch": false,
            "map_public_ip_on_launch": true,
            "outpost_arn": "",
            "owner_id": "370712687956",
            "private_dns_hostname_type_on_launch": "ip-name",
            "tags": {
              "Name": "public_subnet_1",
              "Terraform": "true"
            },
            "tags_all": {
              "Name": "public_subnet_1",
              "Terraform": "true"
            },
            "timeouts": null,
            "vpc_id": "vpc-0c567f495fa6ef581"
          },
          "sensitive_attributes": [],
          "private": "eyJlMmJmYjczMC1lY2FhLTExZTYtOGY4OC0zNDM2M2JjN2M0YzAiOnsiY3JlYXRlIjo2MDAwMDAwMDAwMDAsImRlbGV0ZSI6MTIwMDAwMDAwMDAwMH0sInNjaGVtYV92ZXJzaW9uIjoiMSJ9",
          "dependencies": [
            "aws_vpc.vpc",
            "data.aws_availability_zones.available",
            "data.aws_region.current"
          ]
        },
        {
          "index_key": "public_subnet_2",
          "schema_version": 1,
          "attributes": {
            "arn": "arn:aws:ec2:us-east-1:370712687956:subnet/subnet-0fe3c3f088972d4aa",
            "assign_ipv6_address_on_creation": false,
            "availability_zone": "us-east-1c",
            "availability_zone_id": "use1-az4",
            "cidr_block": "10.0.102.0/24",
            "customer_owned_ipv4_pool": "",
            "enable_dns64": false,
            "enable_lni_at_device_index": 0,
            "enable_resource_name_dns_a_record_on_launch": false,
            "enable_resource_name_dns_aaaa_record_on_launch": false,
            "id": "subnet-0fe3c3f088972d4aa",
            "ipv6_cidr_block": "",
            "ipv6_cidr_block_association_id": "",
            "ipv6_native": false,
            "map_customer_owned_ip_on_launch": false,
            "map_public_ip_on_launch": true,
            "outpost_arn": "",
            "owner_id": "370712687956",
            "private_dns_hostname_type_on_launch": "ip-name",
            "tags": {
              "Name": "public_subnet_2",
              "Terraform": "true"
            },
            "tags_all": {
              "Name": "public_subnet_2",
              "Terraform": "true"
            },
            "timeouts": null,
            "vpc_id": "vpc-0c567f495fa6ef581"
          },
          "sensitive_attributes": [],
          "private": "eyJlMmJmYjczMC1lY2FhLTExZTYtOGY4OC0zNDM2M2JjN2M0YzAiOnsiY3JlYXRlIjo2MDAwMDAwMDAwMDAsImRlbGV0ZSI6MTIwMDAwMDAwMDAwMH0sInNjaGVtYV92ZXJzaW9uIjoiMSJ9",
          "dependencies": [
            "aws_vpc.vpc",
            "data.aws_availability_zones.available",
            "data.aws_region.current"
          ]
        },
        {
          "index_key": "public_subnet_3",
          "schema_version": 1,
          "attributes": {
            "arn": "arn:aws:ec2:us-east-1:370712687956:subnet/subnet-08f20ce85ae6dff1c",
            "assign_ipv6_address_on_creation": false,
            "availability_zone": "us-east-1d",
            "availability_zone_id": "use1-az6",
            "cidr_block": "10.0.103.0/24",
            "customer_owned_ipv4_pool": "",
            "enable_dns64": false,
            "enable_lni_at_device_index": 0,
            "enable_resource_name_dns_a_record_on_launch": false,
            "enable_resource_name_dns_aaaa_record_on_launch": false,
            "id": "subnet-08f20ce85ae6dff1c",
            "ipv6_cidr_block": "",
            "ipv6_cidr_block_association_id": "",
            "ipv6_native": false,
            "map_customer_owned_ip_on_launch": false,
            "map_public_ip_on_launch": true,
            "outpost_arn": "",
            "owner_id": "370712687956",
            "private_dns_hostname_type_on_launch": "ip-name",
            "tags": {
              "Name": "public_subnet_3",
              "Terraform": "true"
            },
            "tags_all": {
              "Name": "public_subnet_3",
              "Terraform": "true"
            },
            "timeouts": null,
            "vpc_id": "vpc-0c567f495fa6ef581"
          },
          "sensitive_attributes": [],
          "private": "eyJlMmJmYjczMC1lY2FhLTExZTYtOGY4OC0zNDM2M2JjN2M0YzAiOnsiY3JlYXRlIjo2MDAwMDAwMDAwMDAsImRlbGV0ZSI6MTIwMDAwMDAwMDAwMH0sInNjaGVtYV92ZXJzaW9uIjoiMSJ9",
          "dependencies": [
            "aws_vpc.vpc",
            "data.aws_availability_zones.available",
            "data.aws_region.current"
          ]
        }
      ]
    },
    {
      "mode": "managed",
      "type": "aws_vpc",
      "name": "vpc",
      "provider": "provider[\"registry.terraform.io/hashicorp/aws\"]",
      "instances": [
        {
          "schema_version": 1,
          "attributes": {
            "arn": "arn:aws:ec2:us-east-1:370712687956:vpc/vpc-0c567f495fa6ef581",
            "assign_generated_ipv6_cidr_block": false,
            "cidr_block": "10.0.0.0/16",
            "default_network_acl_id": "acl-0cd355b5373239771",
            "default_route_table_id": "rtb-0925989c9937de57c",
            "default_security_group_id": "sg-0316fd4800f5e7738",
            "dhcp_options_id": "dopt-027903fbe2da1df17",
            "enable_dns_hostnames": false,
            "enable_dns_support": true,
            "enable_network_address_usage_metrics": false,
            "id": "vpc-0c567f495fa6ef581",
            "instance_tenancy": "default",
            "ipv4_ipam_pool_id": null,
            "ipv4_netmask_length": null,
            "ipv6_association_id": "",
            "ipv6_cidr_block": "",
            "ipv6_cidr_block_network_border_group": "",
            "ipv6_ipam_pool_id": "",
            "ipv6_netmask_length": 0,
            "main_route_table_id": "rtb-0925989c9937de57c",
            "owner_id": "370712687956",
            "tags": {
              "Environment": "demo_environment",
              "Name": "demo_vpc",
              "Region": "us-east-1",
              "Terraform": "true"
            },
            "tags_all": {
              "Environment": "demo_environment",
              "Name": "demo_vpc",
              "Region": "us-east-1",
              "Terraform": "true"
            }
          },
          "sensitive_attributes": [],
          "private": "eyJzY2hlbWFfdmVyc2lvbiI6IjEifQ==",
          "dependencies": [
            "data.aws_region.current"
          ]
        }
      ]
    },
    {
      "mode": "managed",
      "type": "tls_private_key",
      "name": "generated",
      "provider": "provider[\"registry.terraform.io/hashicorp/tls\"]",
      "instances": [
        {
          "schema_version": 1,
          "attributes": {
            "algorithm": "RSA",
            "ecdsa_curve": "P224",
            "id": "cca6a3cb45ab63e20ef2de6077496a5332c1f88f",
            "private_key_openssh": "-----BEGIN OPENSSH PRIVATE KEY-----\nb3BlbnNzaC1rZXktdjEAAAAABG5vbmUAAAAEbm9uZQAAAAAAAAABAAABFwAAAAdz\nc2gtcnNhAAAAAwEAAQAAAQEApTV+QGFAKYHEeLTIOp04XaXD8N0gQAyMaXpAyndC\ngAd2HqpDsHzZYq05h/vAIh9nQVS2dWUdl0bRZlbTTrt7YPvMkSiCzpWHAgkpDjAw\nmaWaXAfSmc4OZeR0ILfibZjdJlyqqDrmGjhm1xqsF/dp8vppi3pbuoa3gSuwNvjQ\nHnzMjtHcloQTtVAkCxFuOW6O/OLhfDC6nyc+gayybkqIaLlbTOqaotmMzPCqS1GE\nqSNsa+8yTbCL7VCfjHCSODOuW6PQj+c0lk5+euECdfTuPINw8dNFSfdMwjUaXPlj\nKZ3u3gaRuje3lmfobXMcrKFfRPUFF3449dJRaQXelTSXSwAAA7gzlLrbM5S62wAA\nAAdzc2gtcnNhAAABAQClNX5AYUApgcR4tMg6nThdpcPw3SBADIxpekDKd0KAB3Ye\nqkOwfNlirTmH+8AiH2dBVLZ1ZR2XRtFmVtNOu3tg+8yRKILOlYcCCSkOMDCZpZpc\nB9KZzg5l5HQgt+JtmN0mXKqoOuYaOGbXGqwX92ny+mmLelu6hreBK7A2+NAefMyO\n0dyWhBO1UCQLEW45bo784uF8MLqfJz6BrLJuSohouVtM6pqi2YzM8KpLUYSpI2xr\n7zJNsIvtUJ+McJI4M65bo9CP5zSWTn564QJ19O48g3Dx00VJ90zCNRpc+WMpne7e\nBpG6N7eWZ+htcxysoV9E9QUXfjj10lFpBd6VNJdLAAAAAwEAAQAAAQEAk15wTEVz\n0pKrC3FX2tE74m1np4fYqMmIxt4CxZg0fbgqKZh/4QK9d0RGOYLcFJQmqyRBzd5w\n0uydBckVnPmoSQ7Tn/ifFmBTmgFJ2hoqgCQ02TsxJXmlZkavQDBHjrP5MasfoAlK\nEMGXGvHz6T0OCWxOkdiH0o8xScwK2D6Ch24ks/I17l7AoFz8O4PLsBT4XUd3juuW\njdx5oYRiEbPhl9bUIXedzrFxhh49M8rBFa7QM/fTTTDGzH5qAw3v+/LKhzD44kTp\nbNiT9QoKCpJpa5t7JLiUJbaF+9fg7W7n8rmWB2wjP6qyAXQUidGeCcyiZa5TNjF8\n+/NCRZZlkwvLYQAAAIBWi0dGAvjD8BHVZX3EXt1EZK96aryNfWDnKAdgXjs+Pgf/\nfFmSiao2O69CfV9BEz+zfbnC59qgatoYnxBO7UXhUZSaBQc2HPiKcuHAadzGsDmZ\nuz2IbwNJn4kCN6JCbconB0AbE2wd1J2fCMI9ACV/D6i3tRNUiOhqIueoi/12GgAA\nAIEAzOFLzjjXZAPmdmAc62JbZh1ERQG2UMnrV6eyQDdKDY4hf+IX0VSkA2i93vRT\nqGa7yfaoNKnl4xlLlkexg3CrFsfBFqW95bxZag1fWnQiqzzrK+AWzPaNkBhb45N6\nOOE2QqO6qzVzIBU5hNEW9ENX3WWV0RA3oL7s0sEGFG73zycAAACBAM5uNQkFWsji\noFyMP78zoLla70mUwZxKeXk+WujyyPlXBtuS2WApsOcWdluB1iordX/MfZeV75nv\nDzg9ng+zFHdN1yFRAkh8PJPecUhZI0q7VHzFI4yieD3jVCPCOmzj1mPCMhHfSI1K\nv8PoJLO4d2Ym1cROuLL0mK0fhvLeSs09AAAAAAEC\n-----END OPENSSH PRIVATE KEY-----\n",
            "private_key_pem": "-----BEGIN RSA PRIVATE KEY-----\nMIIEpQIBAAKCAQEApTV+QGFAKYHEeLTIOp04XaXD8N0gQAyMaXpAyndCgAd2HqpD\nsHzZYq05h/vAIh9nQVS2dWUdl0bRZlbTTrt7YPvMkSiCzpWHAgkpDjAwmaWaXAfS\nmc4OZeR0ILfibZjdJlyqqDrmGjhm1xqsF/dp8vppi3pbuoa3gSuwNvjQHnzMjtHc\nloQTtVAkCxFuOW6O/OLhfDC6nyc+gayybkqIaLlbTOqaotmMzPCqS1GEqSNsa+8y\nTbCL7VCfjHCSODOuW6PQj+c0lk5+euECdfTuPINw8dNFSfdMwjUaXPljKZ3u3gaR\nuje3lmfobXMcrKFfRPUFF3449dJRaQXelTSXSwIDAQABAoIBAQCTXnBMRXPSkqsL\ncVfa0TvibWenh9ioyYjG3gLFmDR9uCopmH/hAr13REY5gtwUlCarJEHN3nDS7J0F\nyRWc+ahJDtOf+J8WYFOaAUnaGiqAJDTZOzEleaVmRq9AMEeOs/kxqx+gCUoQwZca\n8fPpPQ4JbE6R2IfSjzFJzArYPoKHbiSz8jXuXsCgXPw7g8uwFPhdR3eO65aN3Hmh\nhGIRs+GX1tQhd53OsXGGHj0zysEVrtAz99NNMMbMfmoDDe/78sqHMPjiROls2JP1\nCgoKkmlrm3skuJQltoX71+DtbufyuZYHbCM/qrIBdBSJ0Z4JzKJlrlM2MXz780JF\nlmWTC8thAoGBAMzhS84412QD5nZgHOtiW2YdREUBtlDJ61enskA3Sg2OIX/iF9FU\npANovd70U6hmu8n2qDSp5eMZS5ZHsYNwqxbHwRalveW8WWoNX1p0Iqs86yvgFsz2\njZAYW+OTejjhNkKjuqs1cyAVOYTRFvRDV91lldEQN6C+7NLBBhRu988nAoGBAM5u\nNQkFWsjioFyMP78zoLla70mUwZxKeXk+WujyyPlXBtuS2WApsOcWdluB1iordX/M\nfZeV75nvDzg9ng+zFHdN1yFRAkh8PJPecUhZI0q7VHzFI4yieD3jVCPCOmzj1mPC\nMhHfSI1Kv8PoJLO4d2Ym1cROuLL0mK0fhvLeSs09AoGBAL2LBY3BCowOC62iV77w\nnOxI0TsiTWBKnj7W91Lvk8QcpSNhsXVJX/+DbH2S/r6CZOOBHbazI+pJIaPjqfeX\nScFmhl2Ecr3S1coGmxvc66IOVuedhpqS0v7nekN90gpDWOaoAO+aIGsjF7anlhvf\nHa/G5qam4UAGwqRsTUqkKwDrAoGBAKX9ZFP+pEOIR95jQBclEoY5ItSN8ykTkZ32\nj+9k2kn0uqTw7i4vF/qZy05FlsqN64t6CTtM6z9iRWC521FQdJKCWwyFMUrL64IT\nig/c7U34WDWD59P8CKfrFgsy8PwCMLBCxTQt0Q8cHhsPngONvyS68YVKr6XmnKYJ\nBeBg8tEZAoGAVotHRgL4w/AR1WV9xF7dRGSvemq8jX1g5ygHYF47Pj4H/3xZkomq\nNjuvQn1fQRM/s325wufaoGraGJ8QTu1F4VGUmgUHNhz4inLhwGncxrA5mbs9iG8D\nSZ+JAjeiQm3KJwdAGxNsHdSdnwjCPQAlfw+ot7UTVIjoaiLnqIv9dho=\n-----END RSA PRIVATE KEY-----\n",
            "private_key_pem_pkcs8": "-----BEGIN PRIVATE KEY-----\nMIIEvwIBADANBgkqhkiG9w0BAQEFAASCBKkwggSlAgEAAoIBAQClNX5AYUApgcR4\ntMg6nThdpcPw3SBADIxpekDKd0KAB3YeqkOwfNlirTmH+8AiH2dBVLZ1ZR2XRtFm\nVtNOu3tg+8yRKILOlYcCCSkOMDCZpZpcB9KZzg5l5HQgt+JtmN0mXKqoOuYaOGbX\nGqwX92ny+mmLelu6hreBK7A2+NAefMyO0dyWhBO1UCQLEW45bo784uF8MLqfJz6B\nrLJuSohouVtM6pqi2YzM8KpLUYSpI2xr7zJNsIvtUJ+McJI4M65bo9CP5zSWTn56\n4QJ19O48g3Dx00VJ90zCNRpc+WMpne7eBpG6N7eWZ+htcxysoV9E9QUXfjj10lFp\nBd6VNJdLAgMBAAECggEBAJNecExFc9KSqwtxV9rRO+JtZ6eH2KjJiMbeAsWYNH24\nKimYf+ECvXdERjmC3BSUJqskQc3ecNLsnQXJFZz5qEkO05/4nxZgU5oBSdoaKoAk\nNNk7MSV5pWZGr0AwR46z+TGrH6AJShDBlxrx8+k9DglsTpHYh9KPMUnMCtg+godu\nJLPyNe5ewKBc/DuDy7AU+F1Hd47rlo3ceaGEYhGz4ZfW1CF3nc6xcYYePTPKwRWu\n0DP3000wxsx+agMN7/vyyocw+OJE6WzYk/UKCgqSaWubeyS4lCW2hfvX4O1u5/K5\nlgdsIz+qsgF0FInRngnMomWuUzYxfPvzQkWWZZMLy2ECgYEAzOFLzjjXZAPmdmAc\n62JbZh1ERQG2UMnrV6eyQDdKDY4hf+IX0VSkA2i93vRTqGa7yfaoNKnl4xlLlkex\ng3CrFsfBFqW95bxZag1fWnQiqzzrK+AWzPaNkBhb45N6OOE2QqO6qzVzIBU5hNEW\n9ENX3WWV0RA3oL7s0sEGFG73zycCgYEAzm41CQVayOKgXIw/vzOguVrvSZTBnEp5\neT5a6PLI+VcG25LZYCmw5xZ2W4HWKit1f8x9l5Xvme8POD2eD7MUd03XIVECSHw8\nk95xSFkjSrtUfMUjjKJ4PeNUI8I6bOPWY8IyEd9IjUq/w+gks7h3ZibVxE64svSY\nrR+G8t5KzT0CgYEAvYsFjcEKjA4LraJXvvCc7EjROyJNYEqePtb3Uu+TxBylI2Gx\ndUlf/4NsfZL+voJk44EdtrMj6kkho+Op95dJwWaGXYRyvdLVygabG9zrog5W552G\nmpLS/ud6Q33SCkNY5qgA75ogayMXtqeWG98dr8bmpqbhQAbCpGxNSqQrAOsCgYEA\npf1kU/6kQ4hH3mNAFyUShjki1I3zKRORnfaP72TaSfS6pPDuLi8X+pnLTkWWyo3r\ni3oJO0zrP2JFYLnbUVB0koJbDIUxSsvrghOKD9ztTfhYNYPn0/wIp+sWCzLw/AIw\nsELFNC3RDxweGw+eA42/JLrxhUqvpeacpgkF4GDy0RkCgYBWi0dGAvjD8BHVZX3E\nXt1EZK96aryNfWDnKAdgXjs+Pgf/fFmSiao2O69CfV9BEz+zfbnC59qgatoYnxBO\n7UXhUZSaBQc2HPiKcuHAadzGsDmZuz2IbwNJn4kCN6JCbconB0AbE2wd1J2fCMI9\nACV/D6i3tRNUiOhqIueoi/12Gg==\n-----END PRIVATE KEY-----\n",
            "public_key_fingerprint_md5": "77:61:3c:47:77:a0:ba:69:1c:14:82:a0:4d:bc:f9:eb",
            "public_key_fingerprint_sha256": "SHA256:p7ThfaeOQ7VEZ9W96bdPr55iaV8pvzG1T27ukYSp7pQ",
            "public_key_openssh": "ssh-rsa AAAAB3NzaC1yc2EAAAADAQABAAABAQClNX5AYUApgcR4tMg6nThdpcPw3SBADIxpekDKd0KAB3YeqkOwfNlirTmH+8AiH2dBVLZ1ZR2XRtFmVtNOu3tg+8yRKILOlYcCCSkOMDCZpZpcB9KZzg5l5HQgt+JtmN0mXKqoOuYaOGbXGqwX92ny+mmLelu6hreBK7A2+NAefMyO0dyWhBO1UCQLEW45bo784uF8MLqfJz6BrLJuSohouVtM6pqi2YzM8KpLUYSpI2xr7zJNsIvtUJ+McJI4M65bo9CP5zSWTn564QJ19O48g3Dx00VJ90zCNRpc+WMpne7eBpG6N7eWZ+htcxysoV9E9QUXfjj10lFpBd6VNJdL\n",
            "public_key_pem": "-----BEGIN PUBLIC KEY-----\nMIIBIjANBgkqhkiG9w0BAQEFAAOCAQ8AMIIBCgKCAQEApTV+QGFAKYHEeLTIOp04\nXaXD8N0gQAyMaXpAyndCgAd2HqpDsHzZYq05h/vAIh9nQVS2dWUdl0bRZlbTTrt7\nYPvMkSiCzpWHAgkpDjAwmaWaXAfSmc4OZeR0ILfibZjdJlyqqDrmGjhm1xqsF/dp\n8vppi3pbuoa3gSuwNvjQHnzMjtHcloQTtVAkCxFuOW6O/OLhfDC6nyc+gayybkqI\naLlbTOqaotmMzPCqS1GEqSNsa+8yTbCL7VCfjHCSODOuW6PQj+c0lk5+euECdfTu\nPINw8dNFSfdMwjUaXPljKZ3u3gaRuje3lmfobXMcrKFfRPUFF3449dJRaQXelTSX\nSwIDAQAB\n-----END PUBLIC KEY-----\n",
            "rsa_bits": 2048
          },
          "sensitive_attributes": [
            [
              {
                "type": "get_attr",
                "value": "private_key_pem_pkcs8"
              }
            ],
            [
              {
                "type": "get_attr",
                "value": "private_key_openssh"
              }
            ],
            [
              {
                "type": "get_attr",
                "value": "private_key_pem"
              }
            ]
          ]
        }
      ]
    }
  ],
  "check_results": null
}
